
Microsoft Visual Studio Solution File, Format Version 12.00
# Visual Studio Version 17
VisualStudioVersion = 17.8.34322.80
MinimumVisualStudioVersion = 10.0.40219.1
Project("{FAE04EC0-301F-11D3-BF4B-00C04F79EFBC}") = "AdventCodeD1P1", "AdventCodeD1P1\AdventCodeD1P1.csproj", "{1A7F15A4-4FC7-4B93-91C9-956319BA12D3}"
EndProject
Global
	GlobalSection(SolutionConfigurationPlatforms) = preSolution
		Debug|Any CPU = Debug|Any CPU
		Release|Any CPU = Release|Any CPU
	EndGlobalSection
	GlobalSection(ProjectConfigurationPlatforms) = postSolution
		{1A7F15A4-4FC7-4B93-91C9-956319BA12D3}.Debug|Any CPU.ActiveCfg = Debug|Any CPU
		{1A7F15A4-4FC7-4B93-91C9-956319BA12D3}.Debug|Any CPU.Build.0 = Debug|Any CPU
		{1A7F15A4-4FC7-4B93-91C9-956319BA12D3}.Release|Any CPU.ActiveCfg = Release|Any CPU
		{1A7F15A4-4FC7-4B93-91C9-956319BA12D3}.Release|Any CPU.Build.0 = Release|Any CPU
	EndGlobalSection
	GlobalSection(SolutionProperties) = preSolution
		HideSolutionNode = FALSE
	EndGlobalSection
	GlobalSection(ExtensibilityGlobals) = postSolution
		SolutionGuid = {FCF9A5CC-F25E-42BB-8D06-EB23CDCDFDED}
	EndGlobalSection
EndGlobal
